
Microsoft Visual Studio Solution File, Format Version 12.00
# Visual Studio Version 17
VisualStudioVersion = 17.7.34221.43
MinimumVisualStudioVersion = 10.0.40219.1
Project("{2150E333-8FDC-42A3-9474-1A3956D46DE8}") = "Gateway", "Gateway", "{B9BABE51-5BDA-448A-8A58-F396E1988F3C}"
EndProject
Project("{2150E333-8FDC-42A3-9474-1A3956D46DE8}") = "Frontend", "Frontend", "{1EA4DCE8-0CCF-417E-A74B-0E19E41A744C}"
EndProject
Project("{2150E333-8FDC-42A3-9474-1A3956D46DE8}") = "Integration", "Integration", "{E202CB84-F4A0-4C98-9548-CA05C222D787}"
EndProject
Project("{2150E333-8FDC-42A3-9474-1A3956D46DE8}") = "Services", "Services", "{5507BD7A-088A-495D-83FF-C4DED2483A47}"
EndProject
Project("{9A19103F-16F7-4668-BE54-9A1E7A4F7556}") = "Print3dMarketplace.AuthAPI", "Print3dMarketplace.AuthAPI\Print3dMarketplace.AuthAPI.csproj", "{EABC2A90-2109-491A-8B8E-D1092A09F39F}"
EndProject
Project("{2150E333-8FDC-42A3-9474-1A3956D46DE8}") = "AuthAPI", "AuthAPI", "{39A3DE57-050A-4F52-973D-E3A7603ABF2F}"
EndProject
Project("{9A19103F-16F7-4668-BE54-9A1E7A4F7556}") = "Print3dMarketplace.AuthAPI.Contracts", "Print3dMarketplace.AuthAPI.Contracts\Print3dMarketplace.AuthAPI.Contracts.csproj", "{AC9B1BCF-96F5-4574-9CFA-11C5EEDF0D13}"
EndProject
Project("{2150E333-8FDC-42A3-9474-1A3956D46DE8}") = "Solution Items", "Solution Items", "{C9CC8325-1C8D-4FCD-A0C8-E2B00563606E}"
	ProjectSection(SolutionItems) = preProject
		.editorconfig = .editorconfig
	EndProjectSection
EndProject
Project("{2150E333-8FDC-42A3-9474-1A3956D46DE8}") = "Common", "Common", "{1ABD799C-9E0E-4AD4-A0FA-2519E9247F6B}"
EndProject
Project("{9A19103F-16F7-4668-BE54-9A1E7A4F7556}") = "Print3dMarketplace.Common", "Print3dMarketplace.Common\Print3dMarketplace.Common.csproj", "{67DC2237-974B-4D15-9BC5-0C8A2E5F2A84}"
EndProject
Project("{54A90642-561A-4BB1-A94E-469ADEE60C69}") = "Print3dMarketplace.UI", "Print3dMarketplace.UI\Print3dMarketplace.UI.esproj", "{4D567760-1E3C-4495-99B9-DC40A21EEFB0}"
EndProject
Project("{2150E333-8FDC-42A3-9474-1A3956D46DE8}") = "MaterialsAPI", "MaterialsAPI", "{92A40EF3-255B-4974-8CE7-D8E68B1344E2}"
EndProject
Project("{9A19103F-16F7-4668-BE54-9A1E7A4F7556}") = "Print3dMarketplace.MaterialsAPI", "Print3dMarketplace.MaterialsAPI\Print3dMarketplace.MaterialsAPI.csproj", "{122D1EE8-4BB3-4D2E-A58D-D4963A25819E}"
	ProjectSection(ProjectDependencies) = postProject
		{67DC2237-974B-4D15-9BC5-0C8A2E5F2A84} = {67DC2237-974B-4D15-9BC5-0C8A2E5F2A84}
	EndProjectSection
EndProject
Project("{2150E333-8FDC-42A3-9474-1A3956D46DE8}") = "PrintersAPI", "PrintersAPI", "{B55DF91F-BD0F-4CC2-BCC6-621A0898A9E2}"
EndProject
Project("{9A19103F-16F7-4668-BE54-9A1E7A4F7556}") = "Print3dMarketplace.PrintersAPI", "Print3dMarketplace.PrintersAPI\Print3dMarketplace.PrintersAPI.csproj", "{8BBC9173-3B0C-4739-8AA0-96556023BB0A}"
	ProjectSection(ProjectDependencies) = postProject
		{67DC2237-974B-4D15-9BC5-0C8A2E5F2A84} = {67DC2237-974B-4D15-9BC5-0C8A2E5F2A84}
	EndProjectSection
EndProject
Project("{9A19103F-16F7-4668-BE54-9A1E7A4F7556}") = "Print3dMarketplace.MaterialsAPI.Contracts", "Print3dMarketplace.MaterialsAPI.Contracts\Print3dMarketplace.MaterialsAPI.Contracts.csproj", "{4F4489EA-C66D-4599-BC3D-2FA957263087}"
EndProject
Project("{9A19103F-16F7-4668-BE54-9A1E7A4F7556}") = "Print3dMarketplace.PrintersAPI.Contracts", "Print3dMarketplace.PrintersAPI.Contracts\Print3dMarketplace.PrintersAPI.Contracts.csproj", "{B2C02F62-9002-4E9F-860A-8EDB692398F5}"
EndProject
Project("{2150E333-8FDC-42A3-9474-1A3956D46DE8}") = "PrintRequestsAPI", "PrintRequestsAPI", "{28D5D621-14E3-469F-9F16-57419438B8A4}"
EndProject
Project("{9A19103F-16F7-4668-BE54-9A1E7A4F7556}") = "Print3dMarketplace.PrintRequestsAPI.Contracts", "Print3dMarketplace.PrintRequestsAPI.Contracts\Print3dMarketplace.PrintRequestsAPI.Contracts.csproj", "{8DD0B566-3468-4CA7-93C2-CBF70BDC165C}"
EndProject
Project("{9A19103F-16F7-4668-BE54-9A1E7A4F7556}") = "Print3dMarketplace.PrintRequestsAPI", "Print3dMarketplace.PrintRequestsAPI\Print3dMarketplace.PrintRequestsAPI.csproj", "{4B6F1137-778B-4B46-83B7-1D63A1D895D4}"
EndProject
Project("{2150E333-8FDC-42A3-9474-1A3956D46DE8}") = "SchemeStorageAPI", "SchemeStorageAPI", "{EB6370B8-B51E-412E-8EC7-B1C5E17CB550}"
EndProject
Project("{9A19103F-16F7-4668-BE54-9A1E7A4F7556}") = "Print3dMarketplace.SchemeStorageAPI", "Print3dMarketplace.SchemeStorageAPI\Print3dMarketplace.SchemeStorageAPI.csproj", "{0B92A31D-B67C-479A-B0A6-397DB13C3DFD}"
EndProject
Project("{9A19103F-16F7-4668-BE54-9A1E7A4F7556}") = "Print3dMarketplace.SchemeStorageAPI.Contracts", "Print3dMarketplace.SchemeStorageAPI.Contracts\Print3dMarketplace.SchemeStorageAPI.Contracts.csproj", "{0BC1DF9D-38B9-41DE-A192-10FC47CD3D5C}"
EndProject
Global
	GlobalSection(SolutionConfigurationPlatforms) = preSolution
		Debug|Any CPU = Debug|Any CPU
		Release|Any CPU = Release|Any CPU
	EndGlobalSection
	GlobalSection(ProjectConfigurationPlatforms) = postSolution
		{EABC2A90-2109-491A-8B8E-D1092A09F39F}.Debug|Any CPU.ActiveCfg = Debug|Any CPU
		{EABC2A90-2109-491A-8B8E-D1092A09F39F}.Debug|Any CPU.Build.0 = Debug|Any CPU
		{EABC2A90-2109-491A-8B8E-D1092A09F39F}.Release|Any CPU.ActiveCfg = Release|Any CPU
		{EABC2A90-2109-491A-8B8E-D1092A09F39F}.Release|Any CPU.Build.0 = Release|Any CPU
		{AC9B1BCF-96F5-4574-9CFA-11C5EEDF0D13}.Debug|Any CPU.ActiveCfg = Debug|Any CPU
		{AC9B1BCF-96F5-4574-9CFA-11C5EEDF0D13}.Debug|Any CPU.Build.0 = Debug|Any CPU
		{AC9B1BCF-96F5-4574-9CFA-11C5EEDF0D13}.Release|Any CPU.ActiveCfg = Release|Any CPU
		{AC9B1BCF-96F5-4574-9CFA-11C5EEDF0D13}.Release|Any CPU.Build.0 = Release|Any CPU
		{67DC2237-974B-4D15-9BC5-0C8A2E5F2A84}.Debug|Any CPU.ActiveCfg = Debug|Any CPU
		{67DC2237-974B-4D15-9BC5-0C8A2E5F2A84}.Debug|Any CPU.Build.0 = Debug|Any CPU
		{67DC2237-974B-4D15-9BC5-0C8A2E5F2A84}.Release|Any CPU.ActiveCfg = Release|Any CPU
		{67DC2237-974B-4D15-9BC5-0C8A2E5F2A84}.Release|Any CPU.Build.0 = Release|Any CPU
		{4D567760-1E3C-4495-99B9-DC40A21EEFB0}.Debug|Any CPU.ActiveCfg = Debug|Any CPU
		{4D567760-1E3C-4495-99B9-DC40A21EEFB0}.Debug|Any CPU.Build.0 = Debug|Any CPU
		{4D567760-1E3C-4495-99B9-DC40A21EEFB0}.Debug|Any CPU.Deploy.0 = Debug|Any CPU
		{4D567760-1E3C-4495-99B9-DC40A21EEFB0}.Release|Any CPU.ActiveCfg = Release|Any CPU
		{4D567760-1E3C-4495-99B9-DC40A21EEFB0}.Release|Any CPU.Build.0 = Release|Any CPU
		{4D567760-1E3C-4495-99B9-DC40A21EEFB0}.Release|Any CPU.Deploy.0 = Release|Any CPU
		{122D1EE8-4BB3-4D2E-A58D-D4963A25819E}.Debug|Any CPU.ActiveCfg = Debug|Any CPU
		{122D1EE8-4BB3-4D2E-A58D-D4963A25819E}.Debug|Any CPU.Build.0 = Debug|Any CPU
		{122D1EE8-4BB3-4D2E-A58D-D4963A25819E}.Release|Any CPU.ActiveCfg = Release|Any CPU
		{122D1EE8-4BB3-4D2E-A58D-D4963A25819E}.Release|Any CPU.Build.0 = Release|Any CPU
		{8BBC9173-3B0C-4739-8AA0-96556023BB0A}.Debug|Any CPU.ActiveCfg = Debug|Any CPU
		{8BBC9173-3B0C-4739-8AA0-96556023BB0A}.Debug|Any CPU.Build.0 = Debug|Any CPU
		{8BBC9173-3B0C-4739-8AA0-96556023BB0A}.Release|Any CPU.ActiveCfg = Release|Any CPU
		{8BBC9173-3B0C-4739-8AA0-96556023BB0A}.Release|Any CPU.Build.0 = Release|Any CPU
		{4F4489EA-C66D-4599-BC3D-2FA957263087}.Debug|Any CPU.ActiveCfg = Debug|Any CPU
		{4F4489EA-C66D-4599-BC3D-2FA957263087}.Debug|Any CPU.Build.0 = Debug|Any CPU
		{4F4489EA-C66D-4599-BC3D-2FA957263087}.Release|Any CPU.ActiveCfg = Release|Any CPU
		{4F4489EA-C66D-4599-BC3D-2FA957263087}.Release|Any CPU.Build.0 = Release|Any CPU
		{B2C02F62-9002-4E9F-860A-8EDB692398F5}.Debug|Any CPU.ActiveCfg = Debug|Any CPU
		{B2C02F62-9002-4E9F-860A-8EDB692398F5}.Debug|Any CPU.Build.0 = Debug|Any CPU
		{B2C02F62-9002-4E9F-860A-8EDB692398F5}.Release|Any CPU.ActiveCfg = Release|Any CPU
		{B2C02F62-9002-4E9F-860A-8EDB692398F5}.Release|Any CPU.Build.0 = Release|Any CPU
		{8DD0B566-3468-4CA7-93C2-CBF70BDC165C}.Debug|Any CPU.ActiveCfg = Debug|Any CPU
		{8DD0B566-3468-4CA7-93C2-CBF70BDC165C}.Debug|Any CPU.Build.0 = Debug|Any CPU
		{8DD0B566-3468-4CA7-93C2-CBF70BDC165C}.Release|Any CPU.ActiveCfg = Release|Any CPU
		{8DD0B566-3468-4CA7-93C2-CBF70BDC165C}.Release|Any CPU.Build.0 = Release|Any CPU
		{4B6F1137-778B-4B46-83B7-1D63A1D895D4}.Debug|Any CPU.ActiveCfg = Debug|Any CPU
		{4B6F1137-778B-4B46-83B7-1D63A1D895D4}.Debug|Any CPU.Build.0 = Debug|Any CPU
		{4B6F1137-778B-4B46-83B7-1D63A1D895D4}.Release|Any CPU.ActiveCfg = Release|Any CPU
		{4B6F1137-778B-4B46-83B7-1D63A1D895D4}.Release|Any CPU.Build.0 = Release|Any CPU
		{0B92A31D-B67C-479A-B0A6-397DB13C3DFD}.Debug|Any CPU.ActiveCfg = Debug|Any CPU
		{0B92A31D-B67C-479A-B0A6-397DB13C3DFD}.Debug|Any CPU.Build.0 = Debug|Any CPU
		{0B92A31D-B67C-479A-B0A6-397DB13C3DFD}.Release|Any CPU.ActiveCfg = Release|Any CPU
		{0B92A31D-B67C-479A-B0A6-397DB13C3DFD}.Release|Any CPU.Build.0 = Release|Any CPU
		{0BC1DF9D-38B9-41DE-A192-10FC47CD3D5C}.Debug|Any CPU.ActiveCfg = Debug|Any CPU
		{0BC1DF9D-38B9-41DE-A192-10FC47CD3D5C}.Debug|Any CPU.Build.0 = Debug|Any CPU
		{0BC1DF9D-38B9-41DE-A192-10FC47CD3D5C}.Release|Any CPU.ActiveCfg = Release|Any CPU
		{0BC1DF9D-38B9-41DE-A192-10FC47CD3D5C}.Release|Any CPU.Build.0 = Release|Any CPU
	EndGlobalSection
	GlobalSection(SolutionProperties) = preSolution
		HideSolutionNode = FALSE
	EndGlobalSection
	GlobalSection(NestedProjects) = preSolution
		{EABC2A90-2109-491A-8B8E-D1092A09F39F} = {39A3DE57-050A-4F52-973D-E3A7603ABF2F}
		{39A3DE57-050A-4F52-973D-E3A7603ABF2F} = {5507BD7A-088A-495D-83FF-C4DED2483A47}
		{AC9B1BCF-96F5-4574-9CFA-11C5EEDF0D13} = {39A3DE57-050A-4F52-973D-E3A7603ABF2F}
		{1ABD799C-9E0E-4AD4-A0FA-2519E9247F6B} = {5507BD7A-088A-495D-83FF-C4DED2483A47}
		{67DC2237-974B-4D15-9BC5-0C8A2E5F2A84} = {1ABD799C-9E0E-4AD4-A0FA-2519E9247F6B}
		{4D567760-1E3C-4495-99B9-DC40A21EEFB0} = {1EA4DCE8-0CCF-417E-A74B-0E19E41A744C}
		{92A40EF3-255B-4974-8CE7-D8E68B1344E2} = {5507BD7A-088A-495D-83FF-C4DED2483A47}
		{122D1EE8-4BB3-4D2E-A58D-D4963A25819E} = {92A40EF3-255B-4974-8CE7-D8E68B1344E2}
		{B55DF91F-BD0F-4CC2-BCC6-621A0898A9E2} = {5507BD7A-088A-495D-83FF-C4DED2483A47}
		{8BBC9173-3B0C-4739-8AA0-96556023BB0A} = {B55DF91F-BD0F-4CC2-BCC6-621A0898A9E2}
		{4F4489EA-C66D-4599-BC3D-2FA957263087} = {92A40EF3-255B-4974-8CE7-D8E68B1344E2}
		{B2C02F62-9002-4E9F-860A-8EDB692398F5} = {B55DF91F-BD0F-4CC2-BCC6-621A0898A9E2}
		{28D5D621-14E3-469F-9F16-57419438B8A4} = {5507BD7A-088A-495D-83FF-C4DED2483A47}
		{8DD0B566-3468-4CA7-93C2-CBF70BDC165C} = {28D5D621-14E3-469F-9F16-57419438B8A4}
		{4B6F1137-778B-4B46-83B7-1D63A1D895D4} = {28D5D621-14E3-469F-9F16-57419438B8A4}
		{EB6370B8-B51E-412E-8EC7-B1C5E17CB550} = {5507BD7A-088A-495D-83FF-C4DED2483A47}
		{0B92A31D-B67C-479A-B0A6-397DB13C3DFD} = {EB6370B8-B51E-412E-8EC7-B1C5E17CB550}
		{0BC1DF9D-38B9-41DE-A192-10FC47CD3D5C} = {EB6370B8-B51E-412E-8EC7-B1C5E17CB550}
	EndGlobalSection
	GlobalSection(ExtensibilityGlobals) = postSolution
		SolutionGuid = {B83F4C55-EA13-46D6-9ED7-B18E1C14EDD9}
	EndGlobalSection
EndGlobal
